// !$*UTF8*$!
{
	archiveVersion = 1;
	classes = {
	};
	objectVersion = 50;
	objects = {

/* Begin PBXBuildFile section */
		DEC1039D727A28BB889E1290 /* Pods_Pinture.framework in Frameworks */ = {isa = PBXBuildFile; fileRef = 3FE6C8357322DD20494266DB /* Pods_Pinture.framework */; };
		F675278120A36AAF0078F266 /* ARWorldViewController.swift in Sources */ = {isa = PBXBuildFile; fileRef = F675278020A36AAF0078F266 /* ARWorldViewController.swift */; };
		F67950CC208843C6000F7548 /* AppDelegate.swift in Sources */ = {isa = PBXBuildFile; fileRef = F67950CB208843C6000F7548 /* AppDelegate.swift */; };
		F67950CE208843C6000F7548 /* MapViewController.swift in Sources */ = {isa = PBXBuildFile; fileRef = F67950CD208843C6000F7548 /* MapViewController.swift */; };
		F67950D1208843C6000F7548 /* Main.storyboard in Resources */ = {isa = PBXBuildFile; fileRef = F67950CF208843C6000F7548 /* Main.storyboard */; };
		F67950D3208843C7000F7548 /* Assets.xcassets in Resources */ = {isa = PBXBuildFile; fileRef = F67950D2208843C7000F7548 /* Assets.xcassets */; };
		F67950D6208843C7000F7548 /* LaunchScreen.storyboard in Resources */ = {isa = PBXBuildFile; fileRef = F67950D4208843C7000F7548 /* LaunchScreen.storyboard */; };
		F6D56F8F20A402C800D31D53 /* art.scnassets in Resources */ = {isa = PBXBuildFile; fileRef = F6D56F8E20A402C800D31D53 /* art.scnassets */; };
		F6D56F9120A4068C00D31D53 /* PhotoLibraryViewController.swift in Sources */ = {isa = PBXBuildFile; fileRef = F6D56F9020A4068C00D31D53 /* PhotoLibraryViewController.swift */; };
		F6D56F9420A407B000D31D53 /* VirtualObject.swift in Sources */ = {isa = PBXBuildFile; fileRef = F6D56F9320A407B000D31D53 /* VirtualObject.swift */; };
		F6D56F9920A40A5D00D31D53 /* Gesture.swift in Sources */ = {isa = PBXBuildFile; fileRef = F6D56F9620A40A5D00D31D53 /* Gesture.swift */; };
		F6D56F9A20A40A5D00D31D53 /* Plane.swift in Sources */ = {isa = PBXBuildFile; fileRef = F6D56F9720A40A5D00D31D53 /* Plane.swift */; };
		F6D56F9B20A40A5D00D31D53 /* FocusSquare.swift in Sources */ = {isa = PBXBuildFile; fileRef = F6D56F9820A40A5D00D31D53 /* FocusSquare.swift */; };
		F6D56FA020A40A8C00D31D53 /* Utilities.swift in Sources */ = {isa = PBXBuildFile; fileRef = F6D56F9D20A40A8B00D31D53 /* Utilities.swift */; };
		F6D56FA120A40A8C00D31D53 /* CameraController.swift in Sources */ = {isa = PBXBuildFile; fileRef = F6D56F9E20A40A8C00D31D53 /* CameraController.swift */; };
		F6D56FA220A40A8C00D31D53 /* ImageCollectionViewCell.swift in Sources */ = {isa = PBXBuildFile; fileRef = F6D56F9F20A40A8C00D31D53 /* ImageCollectionViewCell.swift */; };
		F6D56FA520A40C4E00D31D53 /* DataManager.swift in Sources */ = {isa = PBXBuildFile; fileRef = F6D56FA420A40C4E00D31D53 /* DataManager.swift */; };
		F6D56FA920A416DE00D31D53 /* PictureFrameSecond.swift in Sources */ = {isa = PBXBuildFile; fileRef = F6D56FA620A416DD00D31D53 /* PictureFrameSecond.swift */; };
		F6D56FAB20A416DE00D31D53 /* PictureFrame.swift in Sources */ = {isa = PBXBuildFile; fileRef = F6D56FA820A416DE00D31D53 /* PictureFrame.swift */; };
		F6D56FAE20AC048D00D31D53 /* DataModule.swift in Sources */ = {isa = PBXBuildFile; fileRef = F6D56FAC20AC048C00D31D53 /* DataModule.swift */; };
		F6D56FAF20AC048D00D31D53 /* LocalDataModule.swift in Sources */ = {isa = PBXBuildFile; fileRef = F6D56FAD20AC048D00D31D53 /* LocalDataModule.swift */; };
		F6D56FB120AC058C00D31D53 /* GoogleService-Info.plist in Resources */ = {isa = PBXBuildFile; fileRef = F6D56FB020AC058C00D31D53 /* GoogleService-Info.plist */; };
		F6D56FB720AC106800D31D53 /* NetworkDataModule.swift in Sources */ = {isa = PBXBuildFile; fileRef = F6D56FB620AC106800D31D53 /* NetworkDataModule.swift */; };
		F6D56FB920AC121200D31D53 /* StartingLocationViewController.swift in Sources */ = {isa = PBXBuildFile; fileRef = F6D56FB820AC121200D31D53 /* StartingLocationViewController.swift */; };
		F6D56FBB20AC124A00D31D53 /* WorldListViewController.swift in Sources */ = {isa = PBXBuildFile; fileRef = F6D56FBA20AC124900D31D53 /* WorldListViewController.swift */; };
		F6D56FBD20AC127E00D31D53 /* WorldTableViewCell.swift in Sources */ = {isa = PBXBuildFile; fileRef = F6D56FBC20AC127E00D31D53 /* WorldTableViewCell.swift */; };
		F6D56FC120AC466300D31D53 /* InputMessageViewController.swift in Sources */ = {isa = PBXBuildFile; fileRef = F6D56FC020AC466300D31D53 /* InputMessageViewController.swift */; };
/* End PBXBuildFile section */

/* Begin PBXContainerItemProxy section */
		F67950DD208843C7000F7548 /* PBXContainerItemProxy */ = {
			isa = PBXContainerItemProxy;
			containerPortal = F67950C0208843C6000F7548 /* Project object */;
			proxyType = 1;
			remoteGlobalIDString = F67950C7208843C6000F7548;
			remoteInfo = Pinture;
		};
		F67950E8208843C7000F7548 /* PBXContainerItemProxy */ = {
			isa = PBXContainerItemProxy;
			containerPortal = F67950C0208843C6000F7548 /* Project object */;
			proxyType = 1;
			remoteGlobalIDString = F67950C7208843C6000F7548;
			remoteInfo = Pinture;
		};
/* End PBXContainerItemProxy section */

/* Begin PBXFileReference section */
		3FE6C8357322DD20494266DB /* Pods_Pinture.framework */ = {isa = PBXFileReference; explicitFileType = wrapper.framework; includeInIndex = 0; path = Pods_Pinture.framework; sourceTree = BUILT_PRODUCTS_DIR; };
		6595F6B917E5F68481DCD630 /* Pods-Pinture.debug.xcconfig */ = {isa = PBXFileReference; includeInIndex = 1; lastKnownFileType = text.xcconfig; name = "Pods-Pinture.debug.xcconfig"; path = "Pods/Target Support Files/Pods-Pinture/Pods-Pinture.debug.xcconfig"; sourceTree = "<group>"; };
		CDA042F4F070586812EAD83A /* Pods-Pinture.release.xcconfig */ = {isa = PBXFileReference; includeInIndex = 1; lastKnownFileType = text.xcconfig; name = "Pods-Pinture.release.xcconfig"; path = "Pods/Target Support Files/Pods-Pinture/Pods-Pinture.release.xcconfig"; sourceTree = "<group>"; };
		F675278020A36AAF0078F266 /* ARWorldViewController.swift */ = {isa = PBXFileReference; lastKnownFileType = sourcecode.swift; path = ARWorldViewController.swift; sourceTree = "<group>"; };
		F67950CB208843C6000F7548 /* AppDelegate.swift */ = {isa = PBXFileReference; lastKnownFileType = sourcecode.swift; path = AppDelegate.swift; sourceTree = "<group>"; };
		F67950CD208843C6000F7548 /* MapViewController.swift */ = {isa = PBXFileReference; lastKnownFileType = sourcecode.swift; path = MapViewController.swift; sourceTree = "<group>"; };
		F67950D0208843C6000F7548 /* Base */ = {isa = PBXFileReference; lastKnownFileType = file.storyboard; name = Base; path = Base.lproj/Main.storyboard; sourceTree = "<group>"; };
		F67950D2208843C7000F7548 /* Assets.xcassets */ = {isa = PBXFileReference; lastKnownFileType = folder.assetcatalog; path = Assets.xcassets; sourceTree = "<group>"; };
		F67950D5208843C7000F7548 /* Base */ = {isa = PBXFileReference; lastKnownFileType = file.storyboard; name = Base; path = Base.lproj/LaunchScreen.storyboard; sourceTree = "<group>"; };
		F67950D7208843C7000F7548 /* Info.plist */ = {isa = PBXFileReference; lastKnownFileType = text.plist.xml; path = Info.plist; sourceTree = "<group>"; };
		F67BA21720A34EE800241812 /* Pinture.app */ = {isa = PBXFileReference; explicitFileType = wrapper.application; includeInIndex = 0; path = Pinture.app; sourceTree = BUILT_PRODUCTS_DIR; };
		F6D56F8E20A402C800D31D53 /* art.scnassets */ = {isa = PBXFileReference; lastKnownFileType = wrapper.scnassets; path = art.scnassets; sourceTree = "<group>"; };
		F6D56F9020A4068C00D31D53 /* PhotoLibraryViewController.swift */ = {isa = PBXFileReference; lastKnownFileType = sourcecode.swift; path = PhotoLibraryViewController.swift; sourceTree = "<group>"; };
		F6D56F9320A407B000D31D53 /* VirtualObject.swift */ = {isa = PBXFileReference; lastKnownFileType = sourcecode.swift; path = VirtualObject.swift; sourceTree = "<group>"; };
		F6D56F9620A40A5D00D31D53 /* Gesture.swift */ = {isa = PBXFileReference; fileEncoding = 4; lastKnownFileType = sourcecode.swift; path = Gesture.swift; sourceTree = "<group>"; };
		F6D56F9720A40A5D00D31D53 /* Plane.swift */ = {isa = PBXFileReference; fileEncoding = 4; lastKnownFileType = sourcecode.swift; path = Plane.swift; sourceTree = "<group>"; };
		F6D56F9820A40A5D00D31D53 /* FocusSquare.swift */ = {isa = PBXFileReference; fileEncoding = 4; lastKnownFileType = sourcecode.swift; path = FocusSquare.swift; sourceTree = "<group>"; };
		F6D56F9D20A40A8B00D31D53 /* Utilities.swift */ = {isa = PBXFileReference; fileEncoding = 4; lastKnownFileType = sourcecode.swift; path = Utilities.swift; sourceTree = "<group>"; };
		F6D56F9E20A40A8C00D31D53 /* CameraController.swift */ = {isa = PBXFileReference; fileEncoding = 4; lastKnownFileType = sourcecode.swift; path = CameraController.swift; sourceTree = "<group>"; };
		F6D56F9F20A40A8C00D31D53 /* ImageCollectionViewCell.swift */ = {isa = PBXFileReference; fileEncoding = 4; lastKnownFileType = sourcecode.swift; path = ImageCollectionViewCell.swift; sourceTree = "<group>"; };
		F6D56FA420A40C4E00D31D53 /* DataManager.swift */ = {isa = PBXFileReference; fileEncoding = 4; lastKnownFileType = sourcecode.swift; path = DataManager.swift; sourceTree = "<group>"; };
		F6D56FA620A416DD00D31D53 /* PictureFrameSecond.swift */ = {isa = PBXFileReference; fileEncoding = 4; lastKnownFileType = sourcecode.swift; path = PictureFrameSecond.swift; sourceTree = "<group>"; };
		F6D56FA820A416DE00D31D53 /* PictureFrame.swift */ = {isa = PBXFileReference; fileEncoding = 4; lastKnownFileType = sourcecode.swift; path = PictureFrame.swift; sourceTree = "<group>"; };
		F6D56FAC20AC048C00D31D53 /* DataModule.swift */ = {isa = PBXFileReference; fileEncoding = 4; lastKnownFileType = sourcecode.swift; path = DataModule.swift; sourceTree = "<group>"; };
		F6D56FAD20AC048D00D31D53 /* LocalDataModule.swift */ = {isa = PBXFileReference; fileEncoding = 4; lastKnownFileType = sourcecode.swift; path = LocalDataModule.swift; sourceTree = "<group>"; };
		F6D56FB020AC058C00D31D53 /* GoogleService-Info.plist */ = {isa = PBXFileReference; fileEncoding = 4; lastKnownFileType = text.plist.xml; path = "GoogleService-Info.plist"; sourceTree = SOURCE_ROOT; };
		F6D56FB620AC106800D31D53 /* NetworkDataModule.swift */ = {isa = PBXFileReference; fileEncoding = 4; lastKnownFileType = sourcecode.swift; path = NetworkDataModule.swift; sourceTree = "<group>"; };
		F6D56FB820AC121200D31D53 /* StartingLocationViewController.swift */ = {isa = PBXFileReference; fileEncoding = 4; lastKnownFileType = sourcecode.swift; path = StartingLocationViewController.swift; sourceTree = "<group>"; };
		F6D56FBA20AC124900D31D53 /* WorldListViewController.swift */ = {isa = PBXFileReference; fileEncoding = 4; lastKnownFileType = sourcecode.swift; path = WorldListViewController.swift; sourceTree = "<group>"; };
		F6D56FBC20AC127E00D31D53 /* WorldTableViewCell.swift */ = {isa = PBXFileReference; fileEncoding = 4; lastKnownFileType = sourcecode.swift; path = WorldTableViewCell.swift; sourceTree = "<group>"; };
		F6D56FBE20AC3A5600D31D53 /* PintureTests.xctest */ = {isa = PBXFileReference; explicitFileType = wrapper.cfbundle; includeInIndex = 0; name = PintureTests.xctest; path = "/Users/Wonseob/Documents/과제/#마지막학기#/캡디1/Pinture/Pinture/build/Debug-iphoneos/PintureTests.xctest"; sourceTree = "<absolute>"; };
		F6D56FBF20AC3A5600D31D53 /* PintureUITests.xctest */ = {isa = PBXFileReference; explicitFileType = wrapper.cfbundle; includeInIndex = 0; name = PintureUITests.xctest; path = "/Users/Wonseob/Documents/과제/#마지막학기#/캡디1/Pinture/Pinture/build/Debug-iphoneos/PintureUITests.xctest"; sourceTree = "<absolute>"; };
		F6D56FC020AC466300D31D53 /* InputMessageViewController.swift */ = {isa = PBXFileReference; fileEncoding = 4; lastKnownFileType = sourcecode.swift; path = InputMessageViewController.swift; sourceTree = "<group>"; };
/* End PBXFileReference section */

/* Begin PBXFrameworksBuildPhase section */
		F67950C5208843C6000F7548 /* Frameworks */ = {
			isa = PBXFrameworksBuildPhase;
			buildActionMask = 2147483647;
			files = (
				DEC1039D727A28BB889E1290 /* Pods_Pinture.framework in Frameworks */,
			);
			runOnlyForDeploymentPostprocessing = 0;
		};
		F67950D9208843C7000F7548 /* Frameworks */ = {
			isa = PBXFrameworksBuildPhase;
			buildActionMask = 2147483647;
			files = (
			);
			runOnlyForDeploymentPostprocessing = 0;
		};
		F67950E4208843C7000F7548 /* Frameworks */ = {
			isa = PBXFrameworksBuildPhase;
			buildActionMask = 2147483647;
			files = (
			);
			runOnlyForDeploymentPostprocessing = 0;
		};
/* End PBXFrameworksBuildPhase section */

/* Begin PBXGroup section */
		BC5F42D36E5242D8D0B22BBA /* Pods */ = {
			isa = PBXGroup;
			children = (
				6595F6B917E5F68481DCD630 /* Pods-Pinture.debug.xcconfig */,
				CDA042F4F070586812EAD83A /* Pods-Pinture.release.xcconfig */,
			);
			name = Pods;
			sourceTree = "<group>";
		};
		F67950BF208843C6000F7548 = {
			isa = PBXGroup;
			children = (
				F6D56FB020AC058C00D31D53 /* GoogleService-Info.plist */,
				F67950CA208843C6000F7548 /* Pinture */,
				F67BA21720A34EE800241812 /* Pinture.app */,
				F67BA22420A3515B00241812 /* Frameworks */,
				BC5F42D36E5242D8D0B22BBA /* Pods */,
			);
			sourceTree = "<group>";
		};
		F67950CA208843C6000F7548 /* Pinture */ = {
			isa = PBXGroup;
			children = (
				F6D56FA320A40C3900D31D53 /* Data */,
				F6D56F9C20A40A7900D31D53 /* Utils */,
				F6D56F9520A40A3900D31D53 /* UI Elements */,
				F6D56F9220A4078000D31D53 /* Virtual Objects */,
				F67950CB208843C6000F7548 /* AppDelegate.swift */,
				F67950CD208843C6000F7548 /* MapViewController.swift */,
				F6D56FB820AC121200D31D53 /* StartingLocationViewController.swift */,
				F6D56FBA20AC124900D31D53 /* WorldListViewController.swift */,
				F675278020A36AAF0078F266 /* ARWorldViewController.swift */,
				F6D56FC020AC466300D31D53 /* InputMessageViewController.swift */,
				F6D56F9020A4068C00D31D53 /* PhotoLibraryViewController.swift */,
				F67950CF208843C6000F7548 /* Main.storyboard */,
				F67950D2208843C7000F7548 /* Assets.xcassets */,
				F6D56F8E20A402C800D31D53 /* art.scnassets */,
				F67950D4208843C7000F7548 /* LaunchScreen.storyboard */,
				F67950D7208843C7000F7548 /* Info.plist */,
			);
			path = Pinture;
			sourceTree = "<group>";
		};
		F67BA22420A3515B00241812 /* Frameworks */ = {
			isa = PBXGroup;
			children = (
				3FE6C8357322DD20494266DB /* Pods_Pinture.framework */,
			);
			name = Frameworks;
			sourceTree = "<group>";
		};
		F6D56F9220A4078000D31D53 /* Virtual Objects */ = {
			isa = PBXGroup;
			children = (
				F6D56F9320A407B000D31D53 /* VirtualObject.swift */,
				F6D56FA820A416DE00D31D53 /* PictureFrame.swift */,
				F6D56FA620A416DD00D31D53 /* PictureFrameSecond.swift */,
			);
			path = "Virtual Objects";
			sourceTree = "<group>";
		};
		F6D56F9520A40A3900D31D53 /* UI Elements */ = {
			isa = PBXGroup;
			children = (
				F6D56F9820A40A5D00D31D53 /* FocusSquare.swift */,
				F6D56F9620A40A5D00D31D53 /* Gesture.swift */,
				F6D56F9720A40A5D00D31D53 /* Plane.swift */,
			);
			path = "UI Elements";
			sourceTree = "<group>";
		};
		F6D56F9C20A40A7900D31D53 /* Utils */ = {
			isa = PBXGroup;
			children = (
				F6D56F9E20A40A8C00D31D53 /* CameraController.swift */,
				F6D56F9F20A40A8C00D31D53 /* ImageCollectionViewCell.swift */,
				F6D56F9D20A40A8B00D31D53 /* Utilities.swift */,
				F6D56FBC20AC127E00D31D53 /* WorldTableViewCell.swift */,
			);
			path = Utils;
			sourceTree = "<group>";
		};
		F6D56FA320A40C3900D31D53 /* Data */ = {
			isa = PBXGroup;
			children = (
				F6D56FA420A40C4E00D31D53 /* DataManager.swift */,
				F6D56FAC20AC048C00D31D53 /* DataModule.swift */,
				F6D56FAD20AC048D00D31D53 /* LocalDataModule.swift */,
				F6D56FB620AC106800D31D53 /* NetworkDataModule.swift */,
			);
			path = Data;
			sourceTree = "<group>";
		};
/* End PBXGroup section */

/* Begin PBXNativeTarget section */
		F67950C7208843C6000F7548 /* Pinture */ = {
			isa = PBXNativeTarget;
			buildConfigurationList = F67950F0208843C7000F7548 /* Build configuration list for PBXNativeTarget "Pinture" */;
			buildPhases = (
				0F8DDBEE33AE6E59DB5D6689 /* [CP] Check Pods Manifest.lock */,
				F67950C4208843C6000F7548 /* Sources */,
				F67950C5208843C6000F7548 /* Frameworks */,
				F67950C6208843C6000F7548 /* Resources */,
				C4F639646D26F0F8EC035E82 /* [CP] Embed Pods Frameworks */,
				B88580D6982B705FA115B936 /* [CP] Copy Pods Resources */,
			);
			buildRules = (
			);
			dependencies = (
			);
			name = Pinture;
			productName = Pinture;
			productReference = F67BA21720A34EE800241812 /* Pinture.app */;
			productType = "com.apple.product-type.application";
		};
		F67950DB208843C7000F7548 /* PintureTests */ = {
			isa = PBXNativeTarget;
			buildConfigurationList = F67950F3208843C7000F7548 /* Build configuration list for PBXNativeTarget "PintureTests" */;
			buildPhases = (
				F67950D8208843C7000F7548 /* Sources */,
				F67950D9208843C7000F7548 /* Frameworks */,
				F67950DA208843C7000F7548 /* Resources */,
			);
			buildRules = (
			);
			dependencies = (
				F67950DE208843C7000F7548 /* PBXTargetDependency */,
			);
			name = PintureTests;
			productName = PintureTests;
			productReference = F6D56FBE20AC3A5600D31D53 /* PintureTests.xctest */;
			productType = "com.apple.product-type.bundle.unit-test";
		};
		F67950E6208843C7000F7548 /* PintureUITests */ = {
			isa = PBXNativeTarget;
			buildConfigurationList = F67950F6208843C7000F7548 /* Build configuration list for PBXNativeTarget "PintureUITests" */;
			buildPhases = (
				F67950E3208843C7000F7548 /* Sources */,
				F67950E4208843C7000F7548 /* Frameworks */,
				F67950E5208843C7000F7548 /* Resources */,
			);
			buildRules = (
			);
			dependencies = (
				F67950E9208843C7000F7548 /* PBXTargetDependency */,
			);
			name = PintureUITests;
			productName = PintureUITests;
			productReference = F6D56FBF20AC3A5600D31D53 /* PintureUITests.xctest */;
			productType = "com.apple.product-type.bundle.ui-testing";
		};
/* End PBXNativeTarget section */

/* Begin PBXProject section */
		F67950C0208843C6000F7548 /* Project object */ = {
			isa = PBXProject;
			attributes = {
				LastSwiftUpdateCheck = 0930;
				LastUpgradeCheck = 0930;
				ORGANIZATIONNAME = Sogang;
				TargetAttributes = {
					F67950C7208843C6000F7548 = {
						CreatedOnToolsVersion = 9.3;
					};
					F67950DB208843C7000F7548 = {
						CreatedOnToolsVersion = 9.3;
						TestTargetID = F67950C7208843C6000F7548;
					};
					F67950E6208843C7000F7548 = {
						CreatedOnToolsVersion = 9.3;
						TestTargetID = F67950C7208843C6000F7548;
					};
				};
			};
			buildConfigurationList = F67950C3208843C6000F7548 /* Build configuration list for PBXProject "Pinture" */;
			compatibilityVersion = "Xcode 9.3";
			developmentRegion = en;
			hasScannedForEncodings = 0;
			knownRegions = (
				en,
				Base,
			);
			mainGroup = F67950BF208843C6000F7548;
			productRefGroup = F67950BF208843C6000F7548;
			projectDirPath = "";
			projectRoot = "";
			targets = (
				F67950C7208843C6000F7548 /* Pinture */,
				F67950DB208843C7000F7548 /* PintureTests */,
				F67950E6208843C7000F7548 /* PintureUITests */,
			);
		};
/* End PBXProject section */

/* Begin PBXResourcesBuildPhase section */
		F67950C6208843C6000F7548 /* Resources */ = {
			isa = PBXResourcesBuildPhase;
			buildActionMask = 2147483647;
			files = (
				F67950D6208843C7000F7548 /* LaunchScreen.storyboard in Resources */,
				F67950D3208843C7000F7548 /* Assets.xcassets in Resources */,
				F6D56F8F20A402C800D31D53 /* art.scnassets in Resources */,
				F67950D1208843C6000F7548 /* Main.storyboard in Resources */,
				F6D56FB120AC058C00D31D53 /* GoogleService-Info.plist in Resources */,
			);
			runOnlyForDeploymentPostprocessing = 0;
		};
		F67950DA208843C7000F7548 /* Resources */ = {
			isa = PBXResourcesBuildPhase;
			buildActionMask = 2147483647;
			files = (
			);
			runOnlyForDeploymentPostprocessing = 0;
		};
		F67950E5208843C7000F7548 /* Resources */ = {
			isa = PBXResourcesBuildPhase;
			buildActionMask = 2147483647;
			files = (
			);
			runOnlyForDeploymentPostprocessing = 0;
		};
/* End PBXResourcesBuildPhase section */

/* Begin PBXShellScriptBuildPhase section */
		0F8DDBEE33AE6E59DB5D6689 /* [CP] Check Pods Manifest.lock */ = {
			isa = PBXShellScriptBuildPhase;
			buildActionMask = 2147483647;
			files = (
			);
			inputPaths = (
				"${PODS_PODFILE_DIR_PATH}/Podfile.lock",
				"${PODS_ROOT}/Manifest.lock",
			);
			name = "[CP] Check Pods Manifest.lock";
			outputPaths = (
				"$(DERIVED_FILE_DIR)/Pods-Pinture-checkManifestLockResult.txt",
			);
			runOnlyForDeploymentPostprocessing = 0;
			shellPath = /bin/sh;
			shellScript = "diff \"${PODS_PODFILE_DIR_PATH}/Podfile.lock\" \"${PODS_ROOT}/Manifest.lock\" > /dev/null\nif [ $? != 0 ] ; then\n    # print error to STDERR\n    echo \"error: The sandbox is not in sync with the Podfile.lock. Run 'pod install' or update your CocoaPods installation.\" >&2\n    exit 1\nfi\n# This output is used by Xcode 'outputs' to avoid re-running this script phase.\necho \"SUCCESS\" > \"${SCRIPT_OUTPUT_FILE_0}\"\n";
			showEnvVarsInLog = 0;
		};
		B88580D6982B705FA115B936 /* [CP] Copy Pods Resources */ = {
			isa = PBXShellScriptBuildPhase;
			buildActionMask = 2147483647;
			files = (
			);
			inputPaths = (
				"${SRCROOT}/Pods/Target Support Files/Pods-Pinture/Pods-Pinture-resources.sh",
				"${PODS_ROOT}/GoogleMaps/Maps/Frameworks/GoogleMaps.framework/Resources/GoogleMaps.bundle",
				"${PODS_ROOT}/GooglePlaces/Frameworks/GooglePlaces.framework/Resources/GooglePlaces.bundle",
			);
			name = "[CP] Copy Pods Resources";
			outputPaths = (
				"${TARGET_BUILD_DIR}/${UNLOCALIZED_RESOURCES_FOLDER_PATH}/GoogleMaps.bundle",
				"${TARGET_BUILD_DIR}/${UNLOCALIZED_RESOURCES_FOLDER_PATH}/GooglePlaces.bundle",
			);
			runOnlyForDeploymentPostprocessing = 0;
			shellPath = /bin/sh;
			shellScript = "\"${SRCROOT}/Pods/Target Support Files/Pods-Pinture/Pods-Pinture-resources.sh\"\n";
			showEnvVarsInLog = 0;
		};
		C4F639646D26F0F8EC035E82 /* [CP] Embed Pods Frameworks */ = {
			isa = PBXShellScriptBuildPhase;
			buildActionMask = 2147483647;
			files = (
			);
			inputPaths = (
				"${SRCROOT}/Pods/Target Support Files/Pods-Pinture/Pods-Pinture-frameworks.sh",
				"${BUILT_PRODUCTS_DIR}/GTMSessionFetcher/GTMSessionFetcher.framework",
				"${BUILT_PRODUCTS_DIR}/GoogleToolboxForMac/GoogleToolboxForMac.framework",
				"${BUILT_PRODUCTS_DIR}/leveldb-library/leveldb.framework",
				"${BUILT_PRODUCTS_DIR}/nanopb/nanopb.framework",
			);
			name = "[CP] Embed Pods Frameworks";
			outputPaths = (
				"${TARGET_BUILD_DIR}/${FRAMEWORKS_FOLDER_PATH}/GTMSessionFetcher.framework",
				"${TARGET_BUILD_DIR}/${FRAMEWORKS_FOLDER_PATH}/GoogleToolboxForMac.framework",
				"${TARGET_BUILD_DIR}/${FRAMEWORKS_FOLDER_PATH}/leveldb.framework",
				"${TARGET_BUILD_DIR}/${FRAMEWORKS_FOLDER_PATH}/nanopb.framework",
			);
			runOnlyForDeploymentPostprocessing = 0;
			shellPath = /bin/sh;
			shellScript = "\"${SRCROOT}/Pods/Target Support Files/Pods-Pinture/Pods-Pinture-frameworks.sh\"\n";
			showEnvVarsInLog = 0;
		};
/* End PBXShellScriptBuildPhase section */

/* Begin PBXSourcesBuildPhase section */
		F67950C4208843C6000F7548 /* Sources */ = {
			isa = PBXSourcesBuildPhase;
			buildActionMask = 2147483647;
			files = (
				F6D56F9420A407B000D31D53 /* VirtualObject.swift in Sources */,
				F6D56FA520A40C4E00D31D53 /* DataManager.swift in Sources */,
				F6D56FC120AC466300D31D53 /* InputMessageViewController.swift in Sources */,
				F6D56FA220A40A8C00D31D53 /* ImageCollectionViewCell.swift in Sources */,
				F6D56FA920A416DE00D31D53 /* PictureFrameSecond.swift in Sources */,
				F67950CE208843C6000F7548 /* MapViewController.swift in Sources */,
				F675278120A36AAF0078F266 /* ARWorldViewController.swift in Sources */,
				F6D56FBD20AC127E00D31D53 /* WorldTableViewCell.swift in Sources */,
				F6D56F9920A40A5D00D31D53 /* Gesture.swift in Sources */,
				F6D56FA120A40A8C00D31D53 /* CameraController.swift in Sources */,
				F6D56FAE20AC048D00D31D53 /* DataModule.swift in Sources */,
				F6D56FBB20AC124A00D31D53 /* WorldListViewController.swift in Sources */,
				F6D56F9120A4068C00D31D53 /* PhotoLibraryViewController.swift in Sources */,
				F6D56F9B20A40A5D00D31D53 /* FocusSquare.swift in Sources */,
				F6D56FB920AC121200D31D53 /* StartingLocationViewController.swift in Sources */,
				F6D56FAF20AC048D00D31D53 /* LocalDataModule.swift in Sources */,
				F6D56FAB20A416DE00D31D53 /* PictureFrame.swift in Sources */,
				F6D56FA020A40A8C00D31D53 /* Utilities.swift in Sources */,
				F67950CC208843C6000F7548 /* AppDelegate.swift in Sources */,
				F6D56FB720AC106800D31D53 /* NetworkDataModule.swift in Sources */,
				F6D56F9A20A40A5D00D31D53 /* Plane.swift in Sources */,
			);
			runOnlyForDeploymentPostprocessing = 0;
		};
		F67950D8208843C7000F7548 /* Sources */ = {
			isa = PBXSourcesBuildPhase;
			buildActionMask = 2147483647;
			files = (
			);
			runOnlyForDeploymentPostprocessing = 0;
		};
		F67950E3208843C7000F7548 /* Sources */ = {
			isa = PBXSourcesBuildPhase;
			buildActionMask = 2147483647;
			files = (
			);
			runOnlyForDeploymentPostprocessing = 0;
		};
/* End PBXSourcesBuildPhase section */

/* Begin PBXTargetDependency section */
		F67950DE208843C7000F7548 /* PBXTargetDependency */ = {
			isa = PBXTargetDependency;
			target = F67950C7208843C6000F7548 /* Pinture */;
			targetProxy = F67950DD208843C7000F7548 /* PBXContainerItemProxy */;
		};
		F67950E9208843C7000F7548 /* PBXTargetDependency */ = {
			isa = PBXTargetDependency;
			target = F67950C7208843C6000F7548 /* Pinture */;
			targetProxy = F67950E8208843C7000F7548 /* PBXContainerItemProxy */;
		};
/* End PBXTargetDependency section */

/* Begin PBXVariantGroup section */
		F67950CF208843C6000F7548 /* Main.storyboard */ = {
			isa = PBXVariantGroup;
			children = (
				F67950D0208843C6000F7548 /* Base */,
			);
			name = Main.storyboard;
			sourceTree = "<group>";
		};
		F67950D4208843C7000F7548 /* LaunchScreen.storyboard */ = {
			isa = PBXVariantGroup;
			children = (
				F67950D5208843C7000F7548 /* Base */,
			);
			name = LaunchScreen.storyboard;
			sourceTree = "<group>";
		};
/* End PBXVariantGroup section */

/* Begin XCBuildConfiguration section */
		F67950EE208843C7000F7548 /* Debug */ = {
			isa = XCBuildConfiguration;
			buildSettings = {
				ALWAYS_SEARCH_USER_PATHS = NO;
				CLANG_ANALYZER_NONNULL = YES;
				CLANG_ANALYZER_NUMBER_OBJECT_CONVERSION = YES_AGGRESSIVE;
				CLANG_CXX_LANGUAGE_STANDARD = "gnu++14";
				CLANG_CXX_LIBRARY = "libc++";
				CLANG_ENABLE_MODULES = YES;
				CLANG_ENABLE_OBJC_ARC = YES;
				CLANG_ENABLE_OBJC_WEAK = YES;
				CLANG_WARN_BLOCK_CAPTURE_AUTORELEASING = YES;
				CLANG_WARN_BOOL_CONVERSION = YES;
				CLANG_WARN_COMMA = YES;
				CLANG_WARN_CONSTANT_CONVERSION = YES;
				CLANG_WARN_DEPRECATED_OBJC_IMPLEMENTATIONS = YES;
				CLANG_WARN_DIRECT_OBJC_ISA_USAGE = YES_ERROR;
				CLANG_WARN_DOCUMENTATION_COMMENTS = YES;
				CLANG_WARN_EMPTY_BODY = YES;
				CLANG_WARN_ENUM_CONVERSION = YES;
				CLANG_WARN_INFINITE_RECURSION = YES;
				CLANG_WARN_INT_CONVERSION = YES;
				CLANG_WARN_NON_LITERAL_NULL_CONVERSION = YES;
				CLANG_WARN_OBJC_IMPLICIT_RETAIN_SELF = YES;
				CLANG_WARN_OBJC_LITERAL_CONVERSION = YES;
				CLANG_WARN_OBJC_ROOT_CLASS = YES_ERROR;
				CLANG_WARN_RANGE_LOOP_ANALYSIS = YES;
				CLANG_WARN_STRICT_PROTOTYPES = YES;
				CLANG_WARN_SUSPICIOUS_MOVE = YES;
				CLANG_WARN_UNGUARDED_AVAILABILITY = YES_AGGRESSIVE;
				CLANG_WARN_UNREACHABLE_CODE = YES;
				CLANG_WARN__DUPLICATE_METHOD_MATCH = YES;
				CODE_SIGN_IDENTITY = "iPhone Developer";
				COPY_PHASE_STRIP = NO;
				DEBUG_INFORMATION_FORMAT = dwarf;
				ENABLE_STRICT_OBJC_MSGSEND = YES;
				ENABLE_TESTABILITY = YES;
				GCC_C_LANGUAGE_STANDARD = gnu11;
				GCC_DYNAMIC_NO_PIC = NO;
				GCC_NO_COMMON_BLOCKS = YES;
				GCC_OPTIMIZATION_LEVEL = 0;
				GCC_PREPROCESSOR_DEFINITIONS = (
					"DEBUG=1",
					"$(inherited)",
				);
				GCC_WARN_64_TO_32_BIT_CONVERSION = YES;
				GCC_WARN_ABOUT_RETURN_TYPE = YES_ERROR;
				GCC_WARN_UNDECLARED_SELECTOR = YES;
				GCC_WARN_UNINITIALIZED_AUTOS = YES_AGGRESSIVE;
				GCC_WARN_UNUSED_FUNCTION = YES;
				GCC_WARN_UNUSED_VARIABLE = YES;
				IPHONEOS_DEPLOYMENT_TARGET = 11.3;
				MTL_ENABLE_DEBUG_INFO = YES;
				ONLY_ACTIVE_ARCH = YES;
				OTHER_LDFLAGS = "-ObjC";
				SDKROOT = iphoneos;
				SWIFT_ACTIVE_COMPILATION_CONDITIONS = DEBUG;
				SWIFT_OPTIMIZATION_LEVEL = "-Onone";
			};
			name = Debug;
		};
		F67950EF208843C7000F7548 /* Release */ = {
			isa = XCBuildConfiguration;
			buildSettings = {
				ALWAYS_SEARCH_USER_PATHS = NO;
				CLANG_ANALYZER_NONNULL = YES;
				CLANG_ANALYZER_NUMBER_OBJECT_CONVERSION = YES_AGGRESSIVE;
				CLANG_CXX_LANGUAGE_STANDARD = "gnu++14";
				CLANG_CXX_LIBRARY = "libc++";
				CLANG_ENABLE_MODULES = YES;
				CLANG_ENABLE_OBJC_ARC = YES;
				CLANG_ENABLE_OBJC_WEAK = YES;
				CLANG_WARN_BLOCK_CAPTURE_AUTORELEASING = YES;
				CLANG_WARN_BOOL_CONVERSION = YES;
				CLANG_WARN_COMMA = YES;
				CLANG_WARN_CONSTANT_CONVERSION = YES;
				CLANG_WARN_DEPRECATED_OBJC_IMPLEMENTATIONS = YES;
				CLANG_WARN_DIRECT_OBJC_ISA_USAGE = YES_ERROR;
				CLANG_WARN_DOCUMENTATION_COMMENTS = YES;
				CLANG_WARN_EMPTY_BODY = YES;
				CLANG_WARN_ENUM_CONVERSION = YES;
				CLANG_WARN_INFINITE_RECURSION = YES;
				CLANG_WARN_INT_CONVERSION = YES;
				CLANG_WARN_NON_LITERAL_NULL_CONVERSION = YES;
				CLANG_WARN_OBJC_IMPLICIT_RETAIN_SELF = YES;
				CLANG_WARN_OBJC_LITERAL_CONVERSION = YES;
				CLANG_WARN_OBJC_ROOT_CLASS = YES_ERROR;
				CLANG_WARN_RANGE_LOOP_ANALYSIS = YES;
				CLANG_WARN_STRICT_PROTOTYPES = YES;
				CLANG_WARN_SUSPICIOUS_MOVE = YES;
				CLANG_WARN_UNGUARDED_AVAILABILITY = YES_AGGRESSIVE;
				CLANG_WARN_UNREACHABLE_CODE = YES;
				CLANG_WARN__DUPLICATE_METHOD_MATCH = YES;
				CODE_SIGN_IDENTITY = "iPhone Developer";
				COPY_PHASE_STRIP = NO;
				DEBUG_INFORMATION_FORMAT = "dwarf-with-dsym";
				ENABLE_NS_ASSERTIONS = NO;
				ENABLE_STRICT_OBJC_MSGSEND = YES;
				GCC_C_LANGUAGE_STANDARD = gnu11;
				GCC_NO_COMMON_BLOCKS = YES;
				GCC_WARN_64_TO_32_BIT_CONVERSION = YES;
				GCC_WARN_ABOUT_RETURN_TYPE = YES_ERROR;
				GCC_WARN_UNDECLARED_SELECTOR = YES;
				GCC_WARN_UNINITIALIZED_AUTOS = YES_AGGRESSIVE;
				GCC_WARN_UNUSED_FUNCTION = YES;
				GCC_WARN_UNUSED_VARIABLE = YES;
				IPHONEOS_DEPLOYMENT_TARGET = 11.3;
				MTL_ENABLE_DEBUG_INFO = NO;
				OTHER_LDFLAGS = "-ObjC";
				SDKROOT = iphoneos;
				SWIFT_COMPILATION_MODE = wholemodule;
				SWIFT_OPTIMIZATION_LEVEL = "-O";
				VALIDATE_PRODUCT = YES;
			};
			name = Release;
		};
		F67950F1208843C7000F7548 /* Debug */ = {
			isa = XCBuildConfiguration;
			baseConfigurationReference = 6595F6B917E5F68481DCD630 /* Pods-Pinture.debug.xcconfig */;
			buildSettings = {
				ASSETCATALOG_COMPILER_APPICON_NAME = AppIcon;
				CODE_SIGN_STYLE = Automatic;
				DEVELOPMENT_TEAM = 3Y3Z2Z567H;
				FRAMEWORK_SEARCH_PATHS = (
					"$(inherited)",
					"$(PROJECT_DIR)",
				);
				INFOPLIST_FILE = Pinture/Info.plist;
				IPHONEOS_DEPLOYMENT_TARGET = 11.3;
				LD_RUNPATH_SEARCH_PATHS = (
					"$(inherited)",
					"@executable_path/Frameworks",
				);
				PRODUCT_BUNDLE_IDENTIFIER = kr.ac.sogang.www.Pinture;
				PRODUCT_NAME = "$(TARGET_NAME)";
				SWIFT_VERSION = 4.0;
				TARGETED_DEVICE_FAMILY = "1,2";
			};
			name = Debug;
		};
		F67950F2208843C7000F7548 /* Release */ = {
			isa = XCBuildConfiguration;
			baseConfigurationReference = CDA042F4F070586812EAD83A /* Pods-Pinture.release.xcconfig */;
			buildSettings = {
				ASSETCATALOG_COMPILER_APPICON_NAME = AppIcon;
				CODE_SIGN_STYLE = Automatic;
				DEVELOPMENT_TEAM = 3Y3Z2Z567H;
				FRAMEWORK_SEARCH_PATHS = (
					"$(inherited)",
					"$(PROJECT_DIR)",
				);
				INFOPLIST_FILE = Pinture/Info.plist;
				IPHONEOS_DEPLOYMENT_TARGET = 11.3;
				LD_RUNPATH_SEARCH_PATHS = (
					"$(inherited)",
					"@executable_path/Frameworks",
				);
				PRODUCT_BUNDLE_IDENTIFIER = kr.ac.sogang.www.Pinture;
				PRODUCT_NAME = "$(TARGET_NAME)";
				SWIFT_VERSION = 4.0;
				TARGETED_DEVICE_FAMILY = "1,2";
			};
			name = Release;
		};
		F67950F4208843C7000F7548 /* Debug */ = {
			isa = XCBuildConfiguration;
			buildSettings = {
				ALWAYS_EMBED_SWIFT_STANDARD_LIBRARIES = YES;
				BUNDLE_LOADER = "$(TEST_HOST)";
				CODE_SIGN_STYLE = Automatic;
				DEVELOPMENT_TEAM = 3Y3Z2Z567H;
				INFOPLIST_FILE = PintureTests/Info.plist;
				LD_RUNPATH_SEARCH_PATHS = (
					"$(inherited)",
					"@executable_path/Frameworks",
					"@loader_path/Frameworks",
				);
				PRODUCT_BUNDLE_IDENTIFIER = kr.ac.sogang.www.PintureTests;
				PRODUCT_NAME = "$(TARGET_NAME)";
				SWIFT_VERSION = 4.0;
				TARGETED_DEVICE_FAMILY = "1,2";
				TEST_HOST = "$(BUILT_PRODUCTS_DIR)/Pinture.app/Pinture";
			};
			name = Debug;
		};
		F67950F5208843C7000F7548 /* Release */ = {
			isa = XCBuildConfiguration;
			buildSettings = {
				ALWAYS_EMBED_SWIFT_STANDARD_LIBRARIES = YES;
				BUNDLE_LOADER = "$(TEST_HOST)";
				CODE_SIGN_STYLE = Automatic;
				DEVELOPMENT_TEAM = 3Y3Z2Z567H;
				INFOPLIST_FILE = PintureTests/Info.plist;
				LD_RUNPATH_SEARCH_PATHS = (
					"$(inherited)",
					"@executable_path/Frameworks",
					"@loader_path/Frameworks",
				);
				PRODUCT_BUNDLE_IDENTIFIER = kr.ac.sogang.www.PintureTests;
				PRODUCT_NAME = "$(TARGET_NAME)";
				SWIFT_VERSION = 4.0;
				TARGETED_DEVICE_FAMILY = "1,2";
				TEST_HOST = "$(BUILT_PRODUCTS_DIR)/Pinture.app/Pinture";
			};
			name = Release;
		};
		F67950F7208843C7000F7548 /* Debug */ = {
			isa = XCBuildConfiguration;
			buildSettings = {
				ALWAYS_EMBED_SWIFT_STANDARD_LIBRARIES = YES;
				CODE_SIGN_STYLE = Automatic;
				DEVELOPMENT_TEAM = 3Y3Z2Z567H;
				INFOPLIST_FILE = PintureUITests/Info.plist;
				LD_RUNPATH_SEARCH_PATHS = (
					"$(inherited)",
					"@executable_path/Frameworks",
					"@loader_path/Frameworks",
				);
				PRODUCT_BUNDLE_IDENTIFIER = kr.ac.sogang.www.PintureUITests;
				PRODUCT_NAME = "$(TARGET_NAME)";
				SWIFT_VERSION = 4.0;
				TARGETED_DEVICE_FAMILY = "1,2";
				TEST_TARGET_NAME = Pinture;
			};
			name = Debug;
		};
		F67950F8208843C7000F7548 /* Release */ = {
			isa = XCBuildConfiguration;
			buildSettings = {
				ALWAYS_EMBED_SWIFT_STANDARD_LIBRARIES = YES;
				CODE_SIGN_STYLE = Automatic;
				DEVELOPMENT_TEAM = 3Y3Z2Z567H;
				INFOPLIST_FILE = PintureUITests/Info.plist;
				LD_RUNPATH_SEARCH_PATHS = (
					"$(inherited)",
					"@executable_path/Frameworks",
					"@loader_path/Frameworks",
				);
				PRODUCT_BUNDLE_IDENTIFIER = kr.ac.sogang.www.PintureUITests;
				PRODUCT_NAME = "$(TARGET_NAME)";
				SWIFT_VERSION = 4.0;
				TARGETED_DEVICE_FAMILY = "1,2";
				TEST_TARGET_NAME = Pinture;
			};
			name = Release;
		};
/* End XCBuildConfiguration section */

/* Begin XCConfigurationList section */
		F67950C3208843C6000F7548 /* Build configuration list for PBXProject "Pinture" */ = {
			isa = XCConfigurationList;
			buildConfigurations = (
				F67950EE208843C7000F7548 /* Debug */,
				F67950EF208843C7000F7548 /* Release */,
			);
			defaultConfigurationIsVisible = 0;
			defaultConfigurationName = Release;
		};
		F67950F0208843C7000F7548 /* Build configuration list for PBXNativeTarget "Pinture" */ = {
			isa = XCConfigurationList;
			buildConfigurations = (
				F67950F1208843C7000F7548 /* Debug */,
				F67950F2208843C7000F7548 /* Release */,
			);
			defaultConfigurationIsVisible = 0;
			defaultConfigurationName = Release;
		};
		F67950F3208843C7000F7548 /* Build configuration list for PBXNativeTarget "PintureTests" */ = {
			isa = XCConfigurationList;
			buildConfigurations = (
				F67950F4208843C7000F7548 /* Debug */,
				F67950F5208843C7000F7548 /* Release */,
			);
			defaultConfigurationIsVisible = 0;
			defaultConfigurationName = Release;
		};
		F67950F6208843C7000F7548 /* Build configuration list for PBXNativeTarget "PintureUITests" */ = {
			isa = XCConfigurationList;
			buildConfigurations = (
				F67950F7208843C7000F7548 /* Debug */,
				F67950F8208843C7000F7548 /* Release */,
			);
			defaultConfigurationIsVisible = 0;
			defaultConfigurationName = Release;
		};
/* End XCConfigurationList section */
	};
	rootObject = F67950C0208843C6000F7548 /* Project object */;
}
