// !$*UTF8*$!
{
	archiveVersion = 1;
	classes = {
	};
	objectVersion = 50;
	objects = {

/* Begin PBXBuildFile section */
		F67950CC208843C6000F7548 /* AppDelegate.swift in Sources */ = {isa = PBXBuildFile; fileRef = F67950CB208843C6000F7548 /* AppDelegate.swift */; };
		F67950CE208843C6000F7548 /* MapViewController.swift in Sources */ = {isa = PBXBuildFile; fileRef = F67950CD208843C6000F7548 /* MapViewController.swift */; };
		F67950D1208843C6000F7548 /* Main.storyboard in Resources */ = {isa = PBXBuildFile; fileRef = F67950CF208843C6000F7548 /* Main.storyboard */; };
		F67950D3208843C7000F7548 /* Assets.xcassets in Resources */ = {isa = PBXBuildFile; fileRef = F67950D2208843C7000F7548 /* Assets.xcassets */; };
		F67950D6208843C7000F7548 /* LaunchScreen.storyboard in Resources */ = {isa = PBXBuildFile; fileRef = F67950D4208843C7000F7548 /* LaunchScreen.storyboard */; };
		F67BA21B20A3505200241812 /* GoogleMapsBase.framework in Frameworks */ = {isa = PBXBuildFile; fileRef = F67BA21A20A3505200241812 /* GoogleMapsBase.framework */; };
		F67BA22020A3508400241812 /* GoogleMapsCore.framework in Frameworks */ = {isa = PBXBuildFile; fileRef = F67BA21E20A3508300241812 /* GoogleMapsCore.framework */; };
		F67BA22120A3508400241812 /* GoogleMaps.framework in Frameworks */ = {isa = PBXBuildFile; fileRef = F67BA21F20A3508400241812 /* GoogleMaps.framework */; };
		F67BA22320A3511500241812 /* GoogleMaps.bundle in Resources */ = {isa = PBXBuildFile; fileRef = F67BA22220A3511400241812 /* GoogleMaps.bundle */; };
		F67BA22620A3515B00241812 /* Accelerate.framework in Frameworks */ = {isa = PBXBuildFile; fileRef = F67BA22520A3515B00241812 /* Accelerate.framework */; };
		F67BA22820A3516500241812 /* CoreData.framework in Frameworks */ = {isa = PBXBuildFile; fileRef = F67BA22720A3516500241812 /* CoreData.framework */; };
		F67BA22A20A3516F00241812 /* CoreGraphics.framework in Frameworks */ = {isa = PBXBuildFile; fileRef = F67BA22920A3516F00241812 /* CoreGraphics.framework */; };
		F67BA22C20A3517700241812 /* CoreLocation.framework in Frameworks */ = {isa = PBXBuildFile; fileRef = F67BA22B20A3517700241812 /* CoreLocation.framework */; };
		F67BA22E20A3518000241812 /* CoreText.framework in Frameworks */ = {isa = PBXBuildFile; fileRef = F67BA22D20A3518000241812 /* CoreText.framework */; };
		F67BA23020A3518800241812 /* GLKit.framework in Frameworks */ = {isa = PBXBuildFile; fileRef = F67BA22F20A3518800241812 /* GLKit.framework */; };
		F67BA23220A3519100241812 /* ImageIO.framework in Frameworks */ = {isa = PBXBuildFile; fileRef = F67BA23120A3519100241812 /* ImageIO.framework */; };
		F67BA23420A3519A00241812 /* libc++.tbd in Frameworks */ = {isa = PBXBuildFile; fileRef = F67BA23320A3519A00241812 /* libc++.tbd */; };
		F67BA23620A351A300241812 /* libz.tbd in Frameworks */ = {isa = PBXBuildFile; fileRef = F67BA23520A351A300241812 /* libz.tbd */; };
		F67BA23820A351AB00241812 /* OpenGLES.framework in Frameworks */ = {isa = PBXBuildFile; fileRef = F67BA23720A351AB00241812 /* OpenGLES.framework */; };
		F67BA23A20A351B400241812 /* QuartzCore.framework in Frameworks */ = {isa = PBXBuildFile; fileRef = F67BA23920A351B400241812 /* QuartzCore.framework */; };
		F67BA23C20A351BD00241812 /* SystemConfiguration.framework in Frameworks */ = {isa = PBXBuildFile; fileRef = F67BA23B20A351BD00241812 /* SystemConfiguration.framework */; };
		F67BA23E20A351C300241812 /* UIKit.framework in Frameworks */ = {isa = PBXBuildFile; fileRef = F67BA23D20A351C300241812 /* UIKit.framework */; };
/* End PBXBuildFile section */

/* Begin PBXContainerItemProxy section */
		F67950DD208843C7000F7548 /* PBXContainerItemProxy */ = {
			isa = PBXContainerItemProxy;
			containerPortal = F67950C0208843C6000F7548 /* Project object */;
			proxyType = 1;
			remoteGlobalIDString = F67950C7208843C6000F7548;
			remoteInfo = Pinture;
		};
		F67950E8208843C7000F7548 /* PBXContainerItemProxy */ = {
			isa = PBXContainerItemProxy;
			containerPortal = F67950C0208843C6000F7548 /* Project object */;
			proxyType = 1;
			remoteGlobalIDString = F67950C7208843C6000F7548;
			remoteInfo = Pinture;
		};
/* End PBXContainerItemProxy section */

/* Begin PBXFileReference section */
		F67950CB208843C6000F7548 /* AppDelegate.swift */ = {isa = PBXFileReference; lastKnownFileType = sourcecode.swift; path = AppDelegate.swift; sourceTree = "<group>"; };
		F67950CD208843C6000F7548 /* MapViewController.swift */ = {isa = PBXFileReference; lastKnownFileType = sourcecode.swift; path = MapViewController.swift; sourceTree = "<group>"; };
		F67950D0208843C6000F7548 /* Base */ = {isa = PBXFileReference; lastKnownFileType = file.storyboard; name = Base; path = Base.lproj/Main.storyboard; sourceTree = "<group>"; };
		F67950D2208843C7000F7548 /* Assets.xcassets */ = {isa = PBXFileReference; lastKnownFileType = folder.assetcatalog; path = Assets.xcassets; sourceTree = "<group>"; };
		F67950D5208843C7000F7548 /* Base */ = {isa = PBXFileReference; lastKnownFileType = file.storyboard; name = Base; path = Base.lproj/LaunchScreen.storyboard; sourceTree = "<group>"; };
		F67950D7208843C7000F7548 /* Info.plist */ = {isa = PBXFileReference; lastKnownFileType = text.plist.xml; path = Info.plist; sourceTree = "<group>"; };
		F67BA21720A34EE800241812 /* Pinture.app */ = {isa = PBXFileReference; explicitFileType = wrapper.application; includeInIndex = 0; path = Pinture.app; sourceTree = BUILT_PRODUCTS_DIR; };
		F67BA21A20A3505200241812 /* GoogleMapsBase.framework */ = {isa = PBXFileReference; lastKnownFileType = wrapper.framework; path = GoogleMapsBase.framework; sourceTree = "<group>"; };
		F67BA21E20A3508300241812 /* GoogleMapsCore.framework */ = {isa = PBXFileReference; lastKnownFileType = wrapper.framework; path = GoogleMapsCore.framework; sourceTree = "<group>"; };
		F67BA21F20A3508400241812 /* GoogleMaps.framework */ = {isa = PBXFileReference; lastKnownFileType = wrapper.framework; path = GoogleMaps.framework; sourceTree = "<group>"; };
		F67BA22220A3511400241812 /* GoogleMaps.bundle */ = {isa = PBXFileReference; lastKnownFileType = "wrapper.plug-in"; name = GoogleMaps.bundle; path = GoogleMaps.framework/Versions/A/Resources/GoogleMaps.bundle; sourceTree = "<group>"; };
		F67BA22520A3515B00241812 /* Accelerate.framework */ = {isa = PBXFileReference; lastKnownFileType = wrapper.framework; name = Accelerate.framework; path = System/Library/Frameworks/Accelerate.framework; sourceTree = SDKROOT; };
		F67BA22720A3516500241812 /* CoreData.framework */ = {isa = PBXFileReference; lastKnownFileType = wrapper.framework; name = CoreData.framework; path = System/Library/Frameworks/CoreData.framework; sourceTree = SDKROOT; };
		F67BA22920A3516F00241812 /* CoreGraphics.framework */ = {isa = PBXFileReference; lastKnownFileType = wrapper.framework; name = CoreGraphics.framework; path = System/Library/Frameworks/CoreGraphics.framework; sourceTree = SDKROOT; };
		F67BA22B20A3517700241812 /* CoreLocation.framework */ = {isa = PBXFileReference; lastKnownFileType = wrapper.framework; name = CoreLocation.framework; path = System/Library/Frameworks/CoreLocation.framework; sourceTree = SDKROOT; };
		F67BA22D20A3518000241812 /* CoreText.framework */ = {isa = PBXFileReference; lastKnownFileType = wrapper.framework; name = CoreText.framework; path = System/Library/Frameworks/CoreText.framework; sourceTree = SDKROOT; };
		F67BA22F20A3518800241812 /* GLKit.framework */ = {isa = PBXFileReference; lastKnownFileType = wrapper.framework; name = GLKit.framework; path = System/Library/Frameworks/GLKit.framework; sourceTree = SDKROOT; };
		F67BA23120A3519100241812 /* ImageIO.framework */ = {isa = PBXFileReference; lastKnownFileType = wrapper.framework; name = ImageIO.framework; path = System/Library/Frameworks/ImageIO.framework; sourceTree = SDKROOT; };
		F67BA23320A3519A00241812 /* libc++.tbd */ = {isa = PBXFileReference; lastKnownFileType = "sourcecode.text-based-dylib-definition"; name = "libc++.tbd"; path = "usr/lib/libc++.tbd"; sourceTree = SDKROOT; };
		F67BA23520A351A300241812 /* libz.tbd */ = {isa = PBXFileReference; lastKnownFileType = "sourcecode.text-based-dylib-definition"; name = libz.tbd; path = usr/lib/libz.tbd; sourceTree = SDKROOT; };
		F67BA23720A351AB00241812 /* OpenGLES.framework */ = {isa = PBXFileReference; lastKnownFileType = wrapper.framework; name = OpenGLES.framework; path = System/Library/Frameworks/OpenGLES.framework; sourceTree = SDKROOT; };
		F67BA23920A351B400241812 /* QuartzCore.framework */ = {isa = PBXFileReference; lastKnownFileType = wrapper.framework; name = QuartzCore.framework; path = System/Library/Frameworks/QuartzCore.framework; sourceTree = SDKROOT; };
		F67BA23B20A351BD00241812 /* SystemConfiguration.framework */ = {isa = PBXFileReference; lastKnownFileType = wrapper.framework; name = SystemConfiguration.framework; path = System/Library/Frameworks/SystemConfiguration.framework; sourceTree = SDKROOT; };
		F67BA23D20A351C300241812 /* UIKit.framework */ = {isa = PBXFileReference; lastKnownFileType = wrapper.framework; name = UIKit.framework; path = System/Library/Frameworks/UIKit.framework; sourceTree = SDKROOT; };
		F67BA24120A35E2300241812 /* PintureTests.xctest */ = {isa = PBXFileReference; explicitFileType = wrapper.cfbundle; includeInIndex = 0; name = PintureTests.xctest; path = "/Users/Wonseob/Documents/과제/#마지막학기#/캡디1/Pinture/Pinture/build/Debug-iphoneos/PintureTests.xctest"; sourceTree = "<absolute>"; };
		F67BA24220A35E2300241812 /* PintureUITests.xctest */ = {isa = PBXFileReference; explicitFileType = wrapper.cfbundle; includeInIndex = 0; name = PintureUITests.xctest; path = "/Users/Wonseob/Documents/과제/#마지막학기#/캡디1/Pinture/Pinture/build/Debug-iphoneos/PintureUITests.xctest"; sourceTree = "<absolute>"; };
/* End PBXFileReference section */

/* Begin PBXFrameworksBuildPhase section */
		F67950C5208843C6000F7548 /* Frameworks */ = {
			isa = PBXFrameworksBuildPhase;
			buildActionMask = 2147483647;
			files = (
				F67BA23E20A351C300241812 /* UIKit.framework in Frameworks */,
				F67BA23C20A351BD00241812 /* SystemConfiguration.framework in Frameworks */,
				F67BA23A20A351B400241812 /* QuartzCore.framework in Frameworks */,
				F67BA23820A351AB00241812 /* OpenGLES.framework in Frameworks */,
				F67BA23620A351A300241812 /* libz.tbd in Frameworks */,
				F67BA23420A3519A00241812 /* libc++.tbd in Frameworks */,
				F67BA23220A3519100241812 /* ImageIO.framework in Frameworks */,
				F67BA23020A3518800241812 /* GLKit.framework in Frameworks */,
				F67BA22E20A3518000241812 /* CoreText.framework in Frameworks */,
				F67BA22C20A3517700241812 /* CoreLocation.framework in Frameworks */,
				F67BA22A20A3516F00241812 /* CoreGraphics.framework in Frameworks */,
				F67BA22820A3516500241812 /* CoreData.framework in Frameworks */,
				F67BA22620A3515B00241812 /* Accelerate.framework in Frameworks */,
				F67BA22020A3508400241812 /* GoogleMapsCore.framework in Frameworks */,
				F67BA22120A3508400241812 /* GoogleMaps.framework in Frameworks */,
				F67BA21B20A3505200241812 /* GoogleMapsBase.framework in Frameworks */,
			);
			runOnlyForDeploymentPostprocessing = 0;
		};
		F67950D9208843C7000F7548 /* Frameworks */ = {
			isa = PBXFrameworksBuildPhase;
			buildActionMask = 2147483647;
			files = (
			);
			runOnlyForDeploymentPostprocessing = 0;
		};
		F67950E4208843C7000F7548 /* Frameworks */ = {
			isa = PBXFrameworksBuildPhase;
			buildActionMask = 2147483647;
			files = (
			);
			runOnlyForDeploymentPostprocessing = 0;
		};
/* End PBXFrameworksBuildPhase section */

/* Begin PBXGroup section */
		F67950BF208843C6000F7548 = {
			isa = PBXGroup;
			children = (
				F67BA22220A3511400241812 /* GoogleMaps.bundle */,
				F67BA21F20A3508400241812 /* GoogleMaps.framework */,
				F67BA21E20A3508300241812 /* GoogleMapsCore.framework */,
				F67BA21A20A3505200241812 /* GoogleMapsBase.framework */,
				F67950CA208843C6000F7548 /* Pinture */,
				F67BA21720A34EE800241812 /* Pinture.app */,
				F67BA22420A3515B00241812 /* Frameworks */,
			);
			sourceTree = "<group>";
		};
		F67950CA208843C6000F7548 /* Pinture */ = {
			isa = PBXGroup;
			children = (
				F67950CB208843C6000F7548 /* AppDelegate.swift */,
				F67950CD208843C6000F7548 /* MapViewController.swift */,
				F67950CF208843C6000F7548 /* Main.storyboard */,
				F67950D2208843C7000F7548 /* Assets.xcassets */,
				F67950D4208843C7000F7548 /* LaunchScreen.storyboard */,
				F67950D7208843C7000F7548 /* Info.plist */,
			);
			path = Pinture;
			sourceTree = "<group>";
		};
		F67BA22420A3515B00241812 /* Frameworks */ = {
			isa = PBXGroup;
			children = (
				F67BA23D20A351C300241812 /* UIKit.framework */,
				F67BA23B20A351BD00241812 /* SystemConfiguration.framework */,
				F67BA23920A351B400241812 /* QuartzCore.framework */,
				F67BA23720A351AB00241812 /* OpenGLES.framework */,
				F67BA23520A351A300241812 /* libz.tbd */,
				F67BA23320A3519A00241812 /* libc++.tbd */,
				F67BA23120A3519100241812 /* ImageIO.framework */,
				F67BA22F20A3518800241812 /* GLKit.framework */,
				F67BA22D20A3518000241812 /* CoreText.framework */,
				F67BA22B20A3517700241812 /* CoreLocation.framework */,
				F67BA22920A3516F00241812 /* CoreGraphics.framework */,
				F67BA22720A3516500241812 /* CoreData.framework */,
				F67BA22520A3515B00241812 /* Accelerate.framework */,
			);
			name = Frameworks;
			sourceTree = "<group>";
		};
/* End PBXGroup section */

/* Begin PBXNativeTarget section */
		F67950C7208843C6000F7548 /* Pinture */ = {
			isa = PBXNativeTarget;
			buildConfigurationList = F67950F0208843C7000F7548 /* Build configuration list for PBXNativeTarget "Pinture" */;
			buildPhases = (
				F67950C4208843C6000F7548 /* Sources */,
				F67950C5208843C6000F7548 /* Frameworks */,
				F67950C6208843C6000F7548 /* Resources */,
			);
			buildRules = (
			);
			dependencies = (
			);
			name = Pinture;
			productName = Pinture;
			productReference = F67BA21720A34EE800241812 /* Pinture.app */;
			productType = "com.apple.product-type.application";
		};
		F67950DB208843C7000F7548 /* PintureTests */ = {
			isa = PBXNativeTarget;
			buildConfigurationList = F67950F3208843C7000F7548 /* Build configuration list for PBXNativeTarget "PintureTests" */;
			buildPhases = (
				F67950D8208843C7000F7548 /* Sources */,
				F67950D9208843C7000F7548 /* Frameworks */,
				F67950DA208843C7000F7548 /* Resources */,
			);
			buildRules = (
			);
			dependencies = (
				F67950DE208843C7000F7548 /* PBXTargetDependency */,
			);
			name = PintureTests;
			productName = PintureTests;
			productReference = F67BA24120A35E2300241812 /* PintureTests.xctest */;
			productType = "com.apple.product-type.bundle.unit-test";
		};
		F67950E6208843C7000F7548 /* PintureUITests */ = {
			isa = PBXNativeTarget;
			buildConfigurationList = F67950F6208843C7000F7548 /* Build configuration list for PBXNativeTarget "PintureUITests" */;
			buildPhases = (
				F67950E3208843C7000F7548 /* Sources */,
				F67950E4208843C7000F7548 /* Frameworks */,
				F67950E5208843C7000F7548 /* Resources */,
			);
			buildRules = (
			);
			dependencies = (
				F67950E9208843C7000F7548 /* PBXTargetDependency */,
			);
			name = PintureUITests;
			productName = PintureUITests;
			productReference = F67BA24220A35E2300241812 /* PintureUITests.xctest */;
			productType = "com.apple.product-type.bundle.ui-testing";
		};
/* End PBXNativeTarget section */

/* Begin PBXProject section */
		F67950C0208843C6000F7548 /* Project object */ = {
			isa = PBXProject;
			attributes = {
				LastSwiftUpdateCheck = 0930;
				LastUpgradeCheck = 0930;
				ORGANIZATIONNAME = Sogang;
				TargetAttributes = {
					F67950C7208843C6000F7548 = {
						CreatedOnToolsVersion = 9.3;
					};
					F67950DB208843C7000F7548 = {
						CreatedOnToolsVersion = 9.3;
						TestTargetID = F67950C7208843C6000F7548;
					};
					F67950E6208843C7000F7548 = {
						CreatedOnToolsVersion = 9.3;
						TestTargetID = F67950C7208843C6000F7548;
					};
				};
			};
			buildConfigurationList = F67950C3208843C6000F7548 /* Build configuration list for PBXProject "Pinture" */;
			compatibilityVersion = "Xcode 9.3";
			developmentRegion = en;
			hasScannedForEncodings = 0;
			knownRegions = (
				en,
				Base,
			);
			mainGroup = F67950BF208843C6000F7548;
			productRefGroup = F67950BF208843C6000F7548;
			projectDirPath = "";
			projectRoot = "";
			targets = (
				F67950C7208843C6000F7548 /* Pinture */,
				F67950DB208843C7000F7548 /* PintureTests */,
				F67950E6208843C7000F7548 /* PintureUITests */,
			);
		};
/* End PBXProject section */

/* Begin PBXResourcesBuildPhase section */
		F67950C6208843C6000F7548 /* Resources */ = {
			isa = PBXResourcesBuildPhase;
			buildActionMask = 2147483647;
			files = (
				F67950D6208843C7000F7548 /* LaunchScreen.storyboard in Resources */,
				F67950D3208843C7000F7548 /* Assets.xcassets in Resources */,
				F67950D1208843C6000F7548 /* Main.storyboard in Resources */,
				F67BA22320A3511500241812 /* GoogleMaps.bundle in Resources */,
			);
			runOnlyForDeploymentPostprocessing = 0;
		};
		F67950DA208843C7000F7548 /* Resources */ = {
			isa = PBXResourcesBuildPhase;
			buildActionMask = 2147483647;
			files = (
			);
			runOnlyForDeploymentPostprocessing = 0;
		};
		F67950E5208843C7000F7548 /* Resources */ = {
			isa = PBXResourcesBuildPhase;
			buildActionMask = 2147483647;
			files = (
			);
			runOnlyForDeploymentPostprocessing = 0;
		};
/* End PBXResourcesBuildPhase section */

/* Begin PBXSourcesBuildPhase section */
		F67950C4208843C6000F7548 /* Sources */ = {
			isa = PBXSourcesBuildPhase;
			buildActionMask = 2147483647;
			files = (
				F67950CE208843C6000F7548 /* MapViewController.swift in Sources */,
				F67950CC208843C6000F7548 /* AppDelegate.swift in Sources */,
			);
			runOnlyForDeploymentPostprocessing = 0;
		};
		F67950D8208843C7000F7548 /* Sources */ = {
			isa = PBXSourcesBuildPhase;
			buildActionMask = 2147483647;
			files = (
			);
			runOnlyForDeploymentPostprocessing = 0;
		};
		F67950E3208843C7000F7548 /* Sources */ = {
			isa = PBXSourcesBuildPhase;
			buildActionMask = 2147483647;
			files = (
			);
			runOnlyForDeploymentPostprocessing = 0;
		};
/* End PBXSourcesBuildPhase section */

/* Begin PBXTargetDependency section */
		F67950DE208843C7000F7548 /* PBXTargetDependency */ = {
			isa = PBXTargetDependency;
			target = F67950C7208843C6000F7548 /* Pinture */;
			targetProxy = F67950DD208843C7000F7548 /* PBXContainerItemProxy */;
		};
		F67950E9208843C7000F7548 /* PBXTargetDependency */ = {
			isa = PBXTargetDependency;
			target = F67950C7208843C6000F7548 /* Pinture */;
			targetProxy = F67950E8208843C7000F7548 /* PBXContainerItemProxy */;
		};
/* End PBXTargetDependency section */

/* Begin PBXVariantGroup section */
		F67950CF208843C6000F7548 /* Main.storyboard */ = {
			isa = PBXVariantGroup;
			children = (
				F67950D0208843C6000F7548 /* Base */,
			);
			name = Main.storyboard;
			sourceTree = "<group>";
		};
		F67950D4208843C7000F7548 /* LaunchScreen.storyboard */ = {
			isa = PBXVariantGroup;
			children = (
				F67950D5208843C7000F7548 /* Base */,
			);
			name = LaunchScreen.storyboard;
			sourceTree = "<group>";
		};
/* End PBXVariantGroup section */

/* Begin XCBuildConfiguration section */
		F67950EE208843C7000F7548 /* Debug */ = {
			isa = XCBuildConfiguration;
			buildSettings = {
				ALWAYS_SEARCH_USER_PATHS = NO;
				CLANG_ANALYZER_NONNULL = YES;
				CLANG_ANALYZER_NUMBER_OBJECT_CONVERSION = YES_AGGRESSIVE;
				CLANG_CXX_LANGUAGE_STANDARD = "gnu++14";
				CLANG_CXX_LIBRARY = "libc++";
				CLANG_ENABLE_MODULES = YES;
				CLANG_ENABLE_OBJC_ARC = YES;
				CLANG_ENABLE_OBJC_WEAK = YES;
				CLANG_WARN_BLOCK_CAPTURE_AUTORELEASING = YES;
				CLANG_WARN_BOOL_CONVERSION = YES;
				CLANG_WARN_COMMA = YES;
				CLANG_WARN_CONSTANT_CONVERSION = YES;
				CLANG_WARN_DEPRECATED_OBJC_IMPLEMENTATIONS = YES;
				CLANG_WARN_DIRECT_OBJC_ISA_USAGE = YES_ERROR;
				CLANG_WARN_DOCUMENTATION_COMMENTS = YES;
				CLANG_WARN_EMPTY_BODY = YES;
				CLANG_WARN_ENUM_CONVERSION = YES;
				CLANG_WARN_INFINITE_RECURSION = YES;
				CLANG_WARN_INT_CONVERSION = YES;
				CLANG_WARN_NON_LITERAL_NULL_CONVERSION = YES;
				CLANG_WARN_OBJC_IMPLICIT_RETAIN_SELF = YES;
				CLANG_WARN_OBJC_LITERAL_CONVERSION = YES;
				CLANG_WARN_OBJC_ROOT_CLASS = YES_ERROR;
				CLANG_WARN_RANGE_LOOP_ANALYSIS = YES;
				CLANG_WARN_STRICT_PROTOTYPES = YES;
				CLANG_WARN_SUSPICIOUS_MOVE = YES;
				CLANG_WARN_UNGUARDED_AVAILABILITY = YES_AGGRESSIVE;
				CLANG_WARN_UNREACHABLE_CODE = YES;
				CLANG_WARN__DUPLICATE_METHOD_MATCH = YES;
				CODE_SIGN_IDENTITY = "iPhone Developer";
				COPY_PHASE_STRIP = NO;
				DEBUG_INFORMATION_FORMAT = dwarf;
				ENABLE_STRICT_OBJC_MSGSEND = YES;
				ENABLE_TESTABILITY = YES;
				GCC_C_LANGUAGE_STANDARD = gnu11;
				GCC_DYNAMIC_NO_PIC = NO;
				GCC_NO_COMMON_BLOCKS = YES;
				GCC_OPTIMIZATION_LEVEL = 0;
				GCC_PREPROCESSOR_DEFINITIONS = (
					"DEBUG=1",
					"$(inherited)",
				);
				GCC_WARN_64_TO_32_BIT_CONVERSION = YES;
				GCC_WARN_ABOUT_RETURN_TYPE = YES_ERROR;
				GCC_WARN_UNDECLARED_SELECTOR = YES;
				GCC_WARN_UNINITIALIZED_AUTOS = YES_AGGRESSIVE;
				GCC_WARN_UNUSED_FUNCTION = YES;
				GCC_WARN_UNUSED_VARIABLE = YES;
				IPHONEOS_DEPLOYMENT_TARGET = 11.3;
				MTL_ENABLE_DEBUG_INFO = YES;
				ONLY_ACTIVE_ARCH = YES;
				OTHER_LDFLAGS = "-ObjC";
				SDKROOT = iphoneos;
				SWIFT_ACTIVE_COMPILATION_CONDITIONS = DEBUG;
				SWIFT_OPTIMIZATION_LEVEL = "-Onone";
			};
			name = Debug;
		};
		F67950EF208843C7000F7548 /* Release */ = {
			isa = XCBuildConfiguration;
			buildSettings = {
				ALWAYS_SEARCH_USER_PATHS = NO;
				CLANG_ANALYZER_NONNULL = YES;
				CLANG_ANALYZER_NUMBER_OBJECT_CONVERSION = YES_AGGRESSIVE;
				CLANG_CXX_LANGUAGE_STANDARD = "gnu++14";
				CLANG_CXX_LIBRARY = "libc++";
				CLANG_ENABLE_MODULES = YES;
				CLANG_ENABLE_OBJC_ARC = YES;
				CLANG_ENABLE_OBJC_WEAK = YES;
				CLANG_WARN_BLOCK_CAPTURE_AUTORELEASING = YES;
				CLANG_WARN_BOOL_CONVERSION = YES;
				CLANG_WARN_COMMA = YES;
				CLANG_WARN_CONSTANT_CONVERSION = YES;
				CLANG_WARN_DEPRECATED_OBJC_IMPLEMENTATIONS = YES;
				CLANG_WARN_DIRECT_OBJC_ISA_USAGE = YES_ERROR;
				CLANG_WARN_DOCUMENTATION_COMMENTS = YES;
				CLANG_WARN_EMPTY_BODY = YES;
				CLANG_WARN_ENUM_CONVERSION = YES;
				CLANG_WARN_INFINITE_RECURSION = YES;
				CLANG_WARN_INT_CONVERSION = YES;
				CLANG_WARN_NON_LITERAL_NULL_CONVERSION = YES;
				CLANG_WARN_OBJC_IMPLICIT_RETAIN_SELF = YES;
				CLANG_WARN_OBJC_LITERAL_CONVERSION = YES;
				CLANG_WARN_OBJC_ROOT_CLASS = YES_ERROR;
				CLANG_WARN_RANGE_LOOP_ANALYSIS = YES;
				CLANG_WARN_STRICT_PROTOTYPES = YES;
				CLANG_WARN_SUSPICIOUS_MOVE = YES;
				CLANG_WARN_UNGUARDED_AVAILABILITY = YES_AGGRESSIVE;
				CLANG_WARN_UNREACHABLE_CODE = YES;
				CLANG_WARN__DUPLICATE_METHOD_MATCH = YES;
				CODE_SIGN_IDENTITY = "iPhone Developer";
				COPY_PHASE_STRIP = NO;
				DEBUG_INFORMATION_FORMAT = "dwarf-with-dsym";
				ENABLE_NS_ASSERTIONS = NO;
				ENABLE_STRICT_OBJC_MSGSEND = YES;
				GCC_C_LANGUAGE_STANDARD = gnu11;
				GCC_NO_COMMON_BLOCKS = YES;
				GCC_WARN_64_TO_32_BIT_CONVERSION = YES;
				GCC_WARN_ABOUT_RETURN_TYPE = YES_ERROR;
				GCC_WARN_UNDECLARED_SELECTOR = YES;
				GCC_WARN_UNINITIALIZED_AUTOS = YES_AGGRESSIVE;
				GCC_WARN_UNUSED_FUNCTION = YES;
				GCC_WARN_UNUSED_VARIABLE = YES;
				IPHONEOS_DEPLOYMENT_TARGET = 11.3;
				MTL_ENABLE_DEBUG_INFO = NO;
				OTHER_LDFLAGS = "-ObjC";
				SDKROOT = iphoneos;
				SWIFT_COMPILATION_MODE = wholemodule;
				SWIFT_OPTIMIZATION_LEVEL = "-O";
				VALIDATE_PRODUCT = YES;
			};
			name = Release;
		};
		F67950F1208843C7000F7548 /* Debug */ = {
			isa = XCBuildConfiguration;
			buildSettings = {
				ASSETCATALOG_COMPILER_APPICON_NAME = AppIcon;
				CODE_SIGN_STYLE = Automatic;
				DEVELOPMENT_TEAM = 3Y3Z2Z567H;
				FRAMEWORK_SEARCH_PATHS = (
					"$(inherited)",
					"$(PROJECT_DIR)",
				);
				INFOPLIST_FILE = Pinture/Info.plist;
				LD_RUNPATH_SEARCH_PATHS = (
					"$(inherited)",
					"@executable_path/Frameworks",
				);
				PRODUCT_BUNDLE_IDENTIFIER = kr.ac.sogang.www.Pinture;
				PRODUCT_NAME = "$(TARGET_NAME)";
				SWIFT_VERSION = 4.0;
				TARGETED_DEVICE_FAMILY = "1,2";
			};
			name = Debug;
		};
		F67950F2208843C7000F7548 /* Release */ = {
			isa = XCBuildConfiguration;
			buildSettings = {
				ASSETCATALOG_COMPILER_APPICON_NAME = AppIcon;
				CODE_SIGN_STYLE = Automatic;
				DEVELOPMENT_TEAM = 3Y3Z2Z567H;
				FRAMEWORK_SEARCH_PATHS = (
					"$(inherited)",
					"$(PROJECT_DIR)",
				);
				INFOPLIST_FILE = Pinture/Info.plist;
				LD_RUNPATH_SEARCH_PATHS = (
					"$(inherited)",
					"@executable_path/Frameworks",
				);
				PRODUCT_BUNDLE_IDENTIFIER = kr.ac.sogang.www.Pinture;
				PRODUCT_NAME = "$(TARGET_NAME)";
				SWIFT_VERSION = 4.0;
				TARGETED_DEVICE_FAMILY = "1,2";
			};
			name = Release;
		};
		F67950F4208843C7000F7548 /* Debug */ = {
			isa = XCBuildConfiguration;
			buildSettings = {
				ALWAYS_EMBED_SWIFT_STANDARD_LIBRARIES = YES;
				BUNDLE_LOADER = "$(TEST_HOST)";
				CODE_SIGN_STYLE = Automatic;
				DEVELOPMENT_TEAM = 3Y3Z2Z567H;
				INFOPLIST_FILE = PintureTests/Info.plist;
				LD_RUNPATH_SEARCH_PATHS = (
					"$(inherited)",
					"@executable_path/Frameworks",
					"@loader_path/Frameworks",
				);
				PRODUCT_BUNDLE_IDENTIFIER = kr.ac.sogang.www.PintureTests;
				PRODUCT_NAME = "$(TARGET_NAME)";
				SWIFT_VERSION = 4.0;
				TARGETED_DEVICE_FAMILY = "1,2";
				TEST_HOST = "$(BUILT_PRODUCTS_DIR)/Pinture.app/Pinture";
			};
			name = Debug;
		};
		F67950F5208843C7000F7548 /* Release */ = {
			isa = XCBuildConfiguration;
			buildSettings = {
				ALWAYS_EMBED_SWIFT_STANDARD_LIBRARIES = YES;
				BUNDLE_LOADER = "$(TEST_HOST)";
				CODE_SIGN_STYLE = Automatic;
				DEVELOPMENT_TEAM = 3Y3Z2Z567H;
				INFOPLIST_FILE = PintureTests/Info.plist;
				LD_RUNPATH_SEARCH_PATHS = (
					"$(inherited)",
					"@executable_path/Frameworks",
					"@loader_path/Frameworks",
				);
				PRODUCT_BUNDLE_IDENTIFIER = kr.ac.sogang.www.PintureTests;
				PRODUCT_NAME = "$(TARGET_NAME)";
				SWIFT_VERSION = 4.0;
				TARGETED_DEVICE_FAMILY = "1,2";
				TEST_HOST = "$(BUILT_PRODUCTS_DIR)/Pinture.app/Pinture";
			};
			name = Release;
		};
		F67950F7208843C7000F7548 /* Debug */ = {
			isa = XCBuildConfiguration;
			buildSettings = {
				ALWAYS_EMBED_SWIFT_STANDARD_LIBRARIES = YES;
				CODE_SIGN_STYLE = Automatic;
				DEVELOPMENT_TEAM = 3Y3Z2Z567H;
				INFOPLIST_FILE = PintureUITests/Info.plist;
				LD_RUNPATH_SEARCH_PATHS = (
					"$(inherited)",
					"@executable_path/Frameworks",
					"@loader_path/Frameworks",
				);
				PRODUCT_BUNDLE_IDENTIFIER = kr.ac.sogang.www.PintureUITests;
				PRODUCT_NAME = "$(TARGET_NAME)";
				SWIFT_VERSION = 4.0;
				TARGETED_DEVICE_FAMILY = "1,2";
				TEST_TARGET_NAME = Pinture;
			};
			name = Debug;
		};
		F67950F8208843C7000F7548 /* Release */ = {
			isa = XCBuildConfiguration;
			buildSettings = {
				ALWAYS_EMBED_SWIFT_STANDARD_LIBRARIES = YES;
				CODE_SIGN_STYLE = Automatic;
				DEVELOPMENT_TEAM = 3Y3Z2Z567H;
				INFOPLIST_FILE = PintureUITests/Info.plist;
				LD_RUNPATH_SEARCH_PATHS = (
					"$(inherited)",
					"@executable_path/Frameworks",
					"@loader_path/Frameworks",
				);
				PRODUCT_BUNDLE_IDENTIFIER = kr.ac.sogang.www.PintureUITests;
				PRODUCT_NAME = "$(TARGET_NAME)";
				SWIFT_VERSION = 4.0;
				TARGETED_DEVICE_FAMILY = "1,2";
				TEST_TARGET_NAME = Pinture;
			};
			name = Release;
		};
/* End XCBuildConfiguration section */

/* Begin XCConfigurationList section */
		F67950C3208843C6000F7548 /* Build configuration list for PBXProject "Pinture" */ = {
			isa = XCConfigurationList;
			buildConfigurations = (
				F67950EE208843C7000F7548 /* Debug */,
				F67950EF208843C7000F7548 /* Release */,
			);
			defaultConfigurationIsVisible = 0;
			defaultConfigurationName = Release;
		};
		F67950F0208843C7000F7548 /* Build configuration list for PBXNativeTarget "Pinture" */ = {
			isa = XCConfigurationList;
			buildConfigurations = (
				F67950F1208843C7000F7548 /* Debug */,
				F67950F2208843C7000F7548 /* Release */,
			);
			defaultConfigurationIsVisible = 0;
			defaultConfigurationName = Release;
		};
		F67950F3208843C7000F7548 /* Build configuration list for PBXNativeTarget "PintureTests" */ = {
			isa = XCConfigurationList;
			buildConfigurations = (
				F67950F4208843C7000F7548 /* Debug */,
				F67950F5208843C7000F7548 /* Release */,
			);
			defaultConfigurationIsVisible = 0;
			defaultConfigurationName = Release;
		};
		F67950F6208843C7000F7548 /* Build configuration list for PBXNativeTarget "PintureUITests" */ = {
			isa = XCConfigurationList;
			buildConfigurations = (
				F67950F7208843C7000F7548 /* Debug */,
				F67950F8208843C7000F7548 /* Release */,
			);
			defaultConfigurationIsVisible = 0;
			defaultConfigurationName = Release;
		};
/* End XCConfigurationList section */
	};
	rootObject = F67950C0208843C6000F7548 /* Project object */;
}
